
Microsoft Visual Studio Solution File, Format Version 12.00
# Visual Studio Version 17
VisualStudioVersion = 17.11.35222.181
MinimumVisualStudioVersion = 10.0.40219.1
Project("{2150E333-8FDC-42A3-9474-1A3956D46DE8}") = "BackEnd", "BackEnd", "{39B003E0-83CC-4435-96FF-87DF0622E617}"
EndProject
Project("{2150E333-8FDC-42A3-9474-1A3956D46DE8}") = "FrontEnd", "FrontEnd", "{76AF39F6-EBBC-4711-A74B-478AC261BE3D}"
EndProject
Project("{9A19103F-16F7-4668-BE54-9A1E7A4F7556}") = "Clinicaapp.Domain", "Clinicaapp.Domain\Clinicaapp.Domain.csproj", "{BA9D1BC5-3096-4E44-A7C0-00EB1E548D38}"
EndProject
Project("{9A19103F-16F7-4668-BE54-9A1E7A4F7556}") = "Clinicaapp.Infraestructure", "Clinicaapp.Infraestructure\Clinicaapp.Infraestructure.csproj", "{1FF8290E-D99D-4D37-BE87-5FF080EA710C}"
EndProject
Project("{9A19103F-16F7-4668-BE54-9A1E7A4F7556}") = "Clinicaapp.Persistence", "Clinicaapp.Persistence\Clinicaapp.Persistence.csproj", "{DEF56B5C-FA3A-4834-83C2-E2834E1F0819}"
EndProject
Project("{2150E333-8FDC-42A3-9474-1A3956D46DE8}") = "Api", "Api", "{C5D968A9-2CBC-418E-A7E7-530643A7B951}"
EndProject
Project("{FAE04EC0-301F-11D3-BF4B-00C04F79EFBC}") = "Clinicaapp.Web", "Clinicaapp.Web\Clinicaapp.Web.csproj", "{11424A6F-69B5-4A68-9913-ABBD5301821B}"
EndProject
Project("{FAE04EC0-301F-11D3-BF4B-00C04F79EFBC}") = "Clinicaapp.Users.Api", "Clinicaapp.User.Doctor.Api\Clinicaapp.Users.Api.csproj", "{A90914D8-83F9-4AF1-A4F2-6B78917DB851}"
EndProject
Global
	GlobalSection(SolutionConfigurationPlatforms) = preSolution
		Debug|Any CPU = Debug|Any CPU
		Release|Any CPU = Release|Any CPU
	EndGlobalSection
	GlobalSection(ProjectConfigurationPlatforms) = postSolution
		{BA9D1BC5-3096-4E44-A7C0-00EB1E548D38}.Debug|Any CPU.ActiveCfg = Debug|Any CPU
		{BA9D1BC5-3096-4E44-A7C0-00EB1E548D38}.Debug|Any CPU.Build.0 = Debug|Any CPU
		{BA9D1BC5-3096-4E44-A7C0-00EB1E548D38}.Release|Any CPU.ActiveCfg = Release|Any CPU
		{BA9D1BC5-3096-4E44-A7C0-00EB1E548D38}.Release|Any CPU.Build.0 = Release|Any CPU
		{1FF8290E-D99D-4D37-BE87-5FF080EA710C}.Debug|Any CPU.ActiveCfg = Debug|Any CPU
		{1FF8290E-D99D-4D37-BE87-5FF080EA710C}.Debug|Any CPU.Build.0 = Debug|Any CPU
		{1FF8290E-D99D-4D37-BE87-5FF080EA710C}.Release|Any CPU.ActiveCfg = Release|Any CPU
		{1FF8290E-D99D-4D37-BE87-5FF080EA710C}.Release|Any CPU.Build.0 = Release|Any CPU
		{DEF56B5C-FA3A-4834-83C2-E2834E1F0819}.Debug|Any CPU.ActiveCfg = Debug|Any CPU
		{DEF56B5C-FA3A-4834-83C2-E2834E1F0819}.Debug|Any CPU.Build.0 = Debug|Any CPU
		{DEF56B5C-FA3A-4834-83C2-E2834E1F0819}.Release|Any CPU.ActiveCfg = Release|Any CPU
		{DEF56B5C-FA3A-4834-83C2-E2834E1F0819}.Release|Any CPU.Build.0 = Release|Any CPU
		{11424A6F-69B5-4A68-9913-ABBD5301821B}.Debug|Any CPU.ActiveCfg = Debug|Any CPU
		{11424A6F-69B5-4A68-9913-ABBD5301821B}.Debug|Any CPU.Build.0 = Debug|Any CPU
		{11424A6F-69B5-4A68-9913-ABBD5301821B}.Release|Any CPU.ActiveCfg = Release|Any CPU
		{11424A6F-69B5-4A68-9913-ABBD5301821B}.Release|Any CPU.Build.0 = Release|Any CPU
		{A90914D8-83F9-4AF1-A4F2-6B78917DB851}.Debug|Any CPU.ActiveCfg = Debug|Any CPU
		{A90914D8-83F9-4AF1-A4F2-6B78917DB851}.Debug|Any CPU.Build.0 = Debug|Any CPU
		{A90914D8-83F9-4AF1-A4F2-6B78917DB851}.Release|Any CPU.ActiveCfg = Release|Any CPU
		{A90914D8-83F9-4AF1-A4F2-6B78917DB851}.Release|Any CPU.Build.0 = Release|Any CPU
	EndGlobalSection
	GlobalSection(SolutionProperties) = preSolution
		HideSolutionNode = FALSE
	EndGlobalSection
	GlobalSection(NestedProjects) = preSolution
		{BA9D1BC5-3096-4E44-A7C0-00EB1E548D38} = {39B003E0-83CC-4435-96FF-87DF0622E617}
		{1FF8290E-D99D-4D37-BE87-5FF080EA710C} = {39B003E0-83CC-4435-96FF-87DF0622E617}
		{DEF56B5C-FA3A-4834-83C2-E2834E1F0819} = {39B003E0-83CC-4435-96FF-87DF0622E617}
		{11424A6F-69B5-4A68-9913-ABBD5301821B} = {76AF39F6-EBBC-4711-A74B-478AC261BE3D}
		{A90914D8-83F9-4AF1-A4F2-6B78917DB851} = {C5D968A9-2CBC-418E-A7E7-530643A7B951}
	EndGlobalSection
	GlobalSection(ExtensibilityGlobals) = postSolution
		SolutionGuid = {90A7D71F-D618-48D2-BF6E-A78549EC3AA8}
	EndGlobalSection
EndGlobal
